version = 1
revision = 3
requires-python = ">=3.12"

[[package]]
name = "boto3"
version = "1.43.70"
source = { registry = "https://pypi.org/simple" }
dependencies = [
    { name = "botocore" },
    { name = "jmespath" },
    { name = "s3transfer" },
]
sdist = { url = "https://files.pythonhosted.org/packages/f6/20/68434d996c767e860329d78f2aaf1d7456173ba45f8d6fb8f4a394b85667/boto3-1.43.70.tar.gz", hash = "sha256:4f1e16b9eebbad3f312bb6fbf7685d40abdd52a691485cb9f09e7df60d912b41", size = 112688, upload-time = "2026-08-12T19:23:35.485Z" }
wheels = [
    { url = "https://files.pythonhosted.org/packages/6e/d1/c95cae121ef5b77ecec08cb8e045eeb2a2c8ec605a5734b6f24bfb3a6326/boto3-1.43.70-py3-none-any.whl", hash = "sha256:b9399cce51bec9552e61a6b85015c42dea68752e79c00a7005d84eaf7ee15fef", size = 140028, upload-time = "2026-08-12T19:23:33.804Z" },
]

[[package]]
name = "boto3-stubs"
version = "1.43.72"
source = { registry = "https://pypi.org/simple" }
dependencies = [
    { name = "botocore-stubs" },
    { name = "types-s3transfer" },
]
sdist = { url = "https://files.pythonhosted.org/packages/81/80/00837ff8a6286c0a2310d1a433d5cd5b776a8100b3c8a3eb8cb1bf03990e/boto3_stubs-1.43.72.tar.gz", hash = "sha256:caec1105abf0e78f9b2db5dd3c364ce10c283d5a128c69665db428c705d08f3f", size = 104381, upload-time = "2026-08-14T19:33:25.744Z" }
wheels = [
    { url = "https://files.pythonhosted.org/packages/1e/25/b9c7383eb7f1175e5631bb8832ca12d01714ec9214b738fe816a80cbeeee/boto3_stubs-1.43.72-py3-none-any.whl", hash = "sha256:e793a3f25eb3042e8495aa043b5912af67b3547248fe3656b8b95c01a5e42c15", size = 71363, upload-time = "2026-08-14T19:33:22.255Z" },
]

[package.optional-dependencies]
bedrock-runtime = [
    { name = "mypy-boto3-bedrock-runtime" },
]

[[package]]
name = "botocore"
version = "1.43.70"
source = { registry = "https://pypi.org/simple" }
dependencies = [
    { name = "jmespath" },
    { name = "python-dateutil" },
    { name = "urllib3" },
]
sdist = { url = "https://files.pythonhosted.org/packages/2f/1a/ad4ff28cd0caa8ff4f39f18491169dc9ff4b2e359589be1f7108048e1915/botocore-1.43.70.tar.gz", hash = "sha256:a7bebdd0b1c8265e72759a4f7f61e9e43d57968b2c2a5e1e7b350d0a1e3ce81c", size = 15936837, upload-time = "2026-08-12T19:23:30.58Z" }
wheels = [
    { url = "https://files.pythonhosted.org/packages/69/b2/c16b4e2e7ccab1f0887c22fbe2d9859ceb4d35fb637cce8a380d51b52b06/botocore-1.43.70-py3-none-any.whl", hash = "sha256:95bc23a6472f8876349ae334b526e66006f6cf3c87bf39d3e9f057dc8c2eb85f", size = 15628519, upload-time = "2026-08-12T19:23:27.38Z" },
]

[[package]]
name = "botocore-stubs"
version = "1.43.67"
source = { registry = "https://pypi.org/simple" }
sdist = { url = "https://files.pythonhosted.org/packages/3f/45/53d662227dc4787b2c854445ee7eb4751cb5d74cfb5c686a6ecbe1f94c17/botocore_stubs-1.43.67.tar.gz", hash = "sha256:853e74014a1f557055c4ffae5fb38d7c65c7c0520e1aab366cac41d5428f419d", size = 42846, upload-time = "2026-08-08T14:57:53.412Z" }
wheels = [
    { url = "https://files.pythonhosted.org/packages/4e/5e/bdbf19967898a032292da65a47d6e25b2eee55865db4e687f861d80b5602/botocore_stubs-1.43.67-py3-none-any.whl", hash = "sha256:c51262bac3341c1cda71f05fa01141fffd3990d7a92c7960e3b755c1bc830373", size = 67244, upload-time = "2026-08-08T14:57:52.01Z" },
]

[[package]]
name = "future-ai-engineer"
version = "0.1.0"
source = { editable = "." }

[package.dev-dependencies]
dev = [
    { name = "boto3" },
    { name = "boto3-stubs", extra = ["bedrock-runtime"] },
]

[package.metadata]

[package.metadata.requires-dev]
dev = [
    { name = "boto3", specifier = ">=1.43.70" },
    { name = "boto3-stubs", extras = ["bedrock-runtime"], specifier = ">=1.43.72" },
]

[[package]]
name = "jmespath"
version = "1.1.0"
source = { registry = "https://pypi.org/simple" }
sdist = { url = "https://files.pythonhosted.org/packages/d3/59/322338183ecda247fb5d1763a6cbe46eff7222eaeebafd9fa65d4bf5cb11/jmespath-1.1.0.tar.gz", hash = "sha256:472c87d80f36026ae83c6ddd0f1d05d4e510134ed462851fd5f754c8c3cbb88d", size = 27377, upload-time = "2026-01-22T16:35:26.279Z" }
wheels = [
    { url = "https://files.pythonhosted.org/packages/14/2f/967ba146e6d58cf6a652da73885f52fc68001525b4197effc174321d70b4/jmespath-1.1.0-py3-none-any.whl", hash = "sha256:a5663118de4908c91729bea0acadca56526eb2698e83de10cd116ae0f4e97c64", size = 20419, upload-time = "2026-01-22T16:35:24.919Z" },
]

[[package]]
name = "mypy-boto3-bedrock-runtime"
version = "1.43.62"
source = { registry = "https://pypi.org/simple" }
sdist = { url = "https://files.pythonhosted.org/packages/26/78/542f5804cf0f9e3c1ccbf30917eaa3b4b6002b91965de02d065d7441fc93/mypy_boto3_bedrock_runtime-1.43.62.tar.gz", hash = "sha256:beb70b08ef72cdfd5036bcd3270f2fbac0a2ce5e40f70dfc1d87c4f139d4d7ff", size = 31492, upload-time = "2026-07-31T19:54:15.291Z" }
wheels = [
    { url = "https://files.pythonhosted.org/packages/d9/b2/e3bff20acd290b909f1c28856d6d8d7984f7f7d5bda299d5957f64e97bb3/mypy_boto3_bedrock_runtime-1.43.62-py3-none-any.whl", hash = "sha256:603d9df54da5029fc0d0e3c09b6db33733af53182bee030c0c7af99e88ed3b39", size = 37865, upload-time = "2026-07-31T19:54:13.959Z" },
]

[[package]]
name = "python-dateutil"
version = "2.9.0.post0"
source = { registry = "https://pypi.org/simple" }
dependencies = [
    { name = "six" },
]
sdist = { url = "https://files.pythonhosted.org/packages/66/c0/0c8b6ad9f17a802ee498c46e004a0eb49bc148f2fd230864601a86dcf6db/python-dateutil-2.9.0.post0.tar.gz", hash = "sha256:37dd54208da7e1cd875388217d5e00ebd4179249f90fb72437e91a35459a0ad3", size = 342432, upload-time = "2024-03-01T18:36:20.211Z" }
wheels = [
    { url = "https://files.pythonhosted.org/packages/ec/57/56b9bcc3c9c6a792fcbaf139543cee77261f3651ca9da0c93f5c1221264b/python_dateutil-2.9.0.post0-py2.py3-none-any.whl", hash = "sha256:a8b2bc7bffae282281c8140a97d3aa9c14da0b136dfe83f850eea9a5f7470427", size = 229892, upload-time = "2024-03-01T18:36:18.57Z" },
]

[[package]]
name = "s3transfer"
version = "0.19.2"
source = { registry = "https://pypi.org/simple" }
dependencies = [
    { name = "botocore" },
]
sdist = { url = "https://files.pythonhosted.org/packages/76/43/35e4d8aa320bffe8287fe8f65f578fa2d2db0a64212f0e710dce58267854/s3transfer-0.19.2.tar.gz", hash = "sha256:ba0309fd86be3c27dbf78cdd813c13c5e1df16e5874b99d2535ebbdfb9892993", size = 165592, upload-time = "2026-07-22T19:30:44.432Z" }
wheels = [
    { url = "https://files.pythonhosted.org/packages/bc/e7/5c595c75e9f41a44f30e526eda465ea0b4eec93470e074e4a111b253f13a/s3transfer-0.19.2-py3-none-any.whl", hash = "sha256:d8168eccca828cbb2cd573675333f3bddd254313a9c42494b84c76b539e8ba25", size = 90216, upload-time = "2026-07-22T19:30:43.251Z" },
]

[[package]]
name = "six"
version = "1.17.0"
source = { registry = "https://pypi.org/simple" }
sdist = { url = "https://files.pythonhosted.org/packages/94/e7/b2c673351809dca68a0e064b6af791aa332cf192da575fd474ed7d6f16a2/six-1.17.0.tar.gz", hash = "sha256:ff70335d468e7eb6ec65b95b99d3a2836546063f63acc5171de367e834932a81", size = 34031, upload-time = "2024-12-04T17:35:28.174Z" }
wheels = [
    { url = "https://files.pythonhosted.org/packages/b7/ce/149a00dd41f10bc29e5921b496af8b574d8413afcd5e30dfa0ed46c2cc5e/six-1.17.0-py2.py3-none-any.whl", hash = "sha256:4721f391ed90541fddacab5acf947aa0d3dc7d27b2e1e8eda2be8970586c3274", size = 11050, upload-time = "2024-12-04T17:35:26.475Z" },
]

[[package]]
name = "types-s3transfer"
version = "0.16.0"
source = { registry = "https://pypi.org/simple" }
sdist = { url = "https://files.pythonhosted.org/packages/fe/64/42689150509eb3e6e82b33ee3d89045de1592488842ddf23c56957786d05/types_s3transfer-0.16.0.tar.gz", hash = "sha256:b4636472024c5e2b62278c5b759661efeb52a81851cde5f092f24100b1ecb443", size = 13557, upload-time = "2025-12-08T08:13:09.928Z" }
wheels = [
    { url = "https://files.pythonhosted.org/packages/98/27/e88220fe6274eccd3bdf95d9382918716d312f6f6cef6a46332d1ee2feff/types_s3transfer-0.16.0-py3-none-any.whl", hash = "sha256:1c0cd111ecf6e21437cb410f5cddb631bfb2263b77ad973e79b9c6d0cb24e0ef", size = 19247, upload-time = "2025-12-08T08:13:08.426Z" },
]

[[package]]
name = "urllib3"
version = "2.7.0"
source = { registry = "https://pypi.org/simple" }
sdist = { url = "https://files.pythonhosted.org/packages/53/0c/06f8b233b8fd13b9e5ee11424ef85419ba0d8ba0b3138bf360be2ff56953/urllib3-2.7.0.tar.gz", hash = "sha256:231e0ec3b63ceb14667c67be60f2f2c40a518cb38b03af60abc813da26505f4c", size = 433602, upload-time = "2026-05-07T16:13:18.596Z" }
wheels = [
    { url = "https://files.pythonhosted.org/packages/7f/3e/5db95bcf282c52709639744ca2a8b149baccf648e39c8cc87553df9eae0c/urllib3-2.7.0-py3-none-any.whl", hash = "sha256:9fb4c81ebbb1ce9531cce37674bbc6f1360472bc18ca9a553ede278ef7276897", size = 131087, upload-time = "2026-05-07T16:13:17.151Z" },
]
